
Microsoft Visual Studio Solution File, Format Version 12.00
# Visual Studio Version 17
VisualStudioVersion = 17.1.32328.378
MinimumVisualStudioVersion = 10.0.40219.1
Project("{9A19103F-16F7-4668-BE54-9A1E7A4F7556}") = "WordCounter.CLI", "WordCounter.CLI\WordCounter.CLI.csproj", "{945B3664-B982-4B9A-8DE3-636CF7EE42F0}"
EndProject
Project("{FAE04EC0-301F-11D3-BF4B-00C04F79EFBC}") = "WordCounter.Core", "WordCounter.Core\WordCounter.Core.csproj", "{36F65710-AC2A-4122-88CA-58B53639B52B}"
EndProject
Project("{FAE04EC0-301F-11D3-BF4B-00C04F79EFBC}") = "WordCounter.Core.Test", "WordCounter.Core.Test\WordCounter.Core.Test.csproj", "{02577459-FDA2-4706-B53A-22132BB32AD0}"
EndProject
Project("{FAE04EC0-301F-11D3-BF4B-00C04F79EFBC}") = "WordCounter.IO", "WordCounter.IO\WordCounter.IO.csproj", "{034620CB-91B5-48B6-A629-53B8DEB8EA89}"
EndProject
Project("{FAE04EC0-301F-11D3-BF4B-00C04F79EFBC}") = "WordCounter.Logging", "WordCounter.Logging\WordCounter.Logging.csproj", "{6EA802D4-D092-4AE3-883F-B7F7481A83CB}"
EndProject
Global
	GlobalSection(SolutionConfigurationPlatforms) = preSolution
		Debug|Any CPU = Debug|Any CPU
		Release|Any CPU = Release|Any CPU
	EndGlobalSection
	GlobalSection(ProjectConfigurationPlatforms) = postSolution
		{945B3664-B982-4B9A-8DE3-636CF7EE42F0}.Debug|Any CPU.ActiveCfg = Debug|Any CPU
		{945B3664-B982-4B9A-8DE3-636CF7EE42F0}.Debug|Any CPU.Build.0 = Debug|Any CPU
		{945B3664-B982-4B9A-8DE3-636CF7EE42F0}.Release|Any CPU.ActiveCfg = Release|Any CPU
		{945B3664-B982-4B9A-8DE3-636CF7EE42F0}.Release|Any CPU.Build.0 = Release|Any CPU
		{36F65710-AC2A-4122-88CA-58B53639B52B}.Debug|Any CPU.ActiveCfg = Debug|Any CPU
		{36F65710-AC2A-4122-88CA-58B53639B52B}.Debug|Any CPU.Build.0 = Debug|Any CPU
		{36F65710-AC2A-4122-88CA-58B53639B52B}.Release|Any CPU.ActiveCfg = Release|Any CPU
		{36F65710-AC2A-4122-88CA-58B53639B52B}.Release|Any CPU.Build.0 = Release|Any CPU
		{02577459-FDA2-4706-B53A-22132BB32AD0}.Debug|Any CPU.ActiveCfg = Debug|Any CPU
		{02577459-FDA2-4706-B53A-22132BB32AD0}.Debug|Any CPU.Build.0 = Debug|Any CPU
		{02577459-FDA2-4706-B53A-22132BB32AD0}.Release|Any CPU.ActiveCfg = Release|Any CPU
		{02577459-FDA2-4706-B53A-22132BB32AD0}.Release|Any CPU.Build.0 = Release|Any CPU
		{034620CB-91B5-48B6-A629-53B8DEB8EA89}.Debug|Any CPU.ActiveCfg = Debug|Any CPU
		{034620CB-91B5-48B6-A629-53B8DEB8EA89}.Debug|Any CPU.Build.0 = Debug|Any CPU
		{034620CB-91B5-48B6-A629-53B8DEB8EA89}.Release|Any CPU.ActiveCfg = Release|Any CPU
		{034620CB-91B5-48B6-A629-53B8DEB8EA89}.Release|Any CPU.Build.0 = Release|Any CPU
		{6EA802D4-D092-4AE3-883F-B7F7481A83CB}.Debug|Any CPU.ActiveCfg = Debug|Any CPU
		{6EA802D4-D092-4AE3-883F-B7F7481A83CB}.Debug|Any CPU.Build.0 = Debug|Any CPU
		{6EA802D4-D092-4AE3-883F-B7F7481A83CB}.Release|Any CPU.ActiveCfg = Release|Any CPU
		{6EA802D4-D092-4AE3-883F-B7F7481A83CB}.Release|Any CPU.Build.0 = Release|Any CPU
	EndGlobalSection
	GlobalSection(SolutionProperties) = preSolution
		HideSolutionNode = FALSE
	EndGlobalSection
	GlobalSection(ExtensibilityGlobals) = postSolution
		SolutionGuid = {3D7D3C40-FE28-4104-9023-78C97F44949E}
	EndGlobalSection
EndGlobal
